# Generated by pub
# See https://dart.dev/tools/pub/glossary#lockfile
packages:
  collection:
    dependency: transitive
    description:
      name: collection
      sha256: "2f5709ae4d3d59dd8f7cd309b4e023046b57d8a6c82130785d2b0e5868084e76"
      url: "https://pub.dev"
    source: hosted
    version: "1.19.1"
  equatable:
    dependency: transitive
    description:
      name: equatable
      sha256: "3e0141505477fd8ad55d6eb4e7776d3fe8430be8e497ccb1521370c3f21a3e2b"
      url: "https://pub.dev"
    source: hosted
    version: "2.0.8"
  hobby_api:
    dependency: "direct main"
    description:
      path: "../hobby_api"
      relative: true
    source: path
    version: "1.0.0+1"
  json_annotation:
    dependency: transitive
    description:
      name: json_annotation
      sha256: "2a743920d81b7910627f68ee2c9ac1fc0bfee32b9fc3403587d7c6791ca12f80"
      url: "https://pub.dev"
    source: hosted
    version: "4.12.0"
  meta:
    dependency: transitive
    description:
      name: meta
      sha256: c82594181e3312f3d0695fc95aaaf7758d75b8d4ae2bbecf223b9fd5109a059d
      url: "https://pub.dev"
    source: hosted
    version: "1.18.3"
  very_good_analysis:
    dependency: "direct dev"
    description:
      name: very_good_analysis
      sha256: "62d2b86d183fb81b2edc22913d9f155d26eb5cf3855173adb1f59fac85035c63"
      url: "https://pub.dev"
    source: hosted
    version: "7.0.0"
sdks:
  dart: ">=3.12.2 <4.0.0"
